
Microsoft Visual Studio Solution File, Format Version 12.00
# Visual Studio 2013
VisualStudioVersion = 12.0.31101.0
MinimumVisualStudioVersion = 10.0.40219.1
Project("{FAE04EC0-301F-11D3-BF4B-00C04F79EFBC}") = "Star.Model", "Star.Model\Star.Model.csproj", "{503A73B9-8112-43CA-AC02-3DBE3691BBBF}"
EndProject
Project("{FAE04EC0-301F-11D3-BF4B-00C04F79EFBC}") = "Star.Api", "Star.Api\Star.Api.csproj", "{BC50DD5D-2290-4493-BAC4-FA4A30390F6D}"
EndProject
Project("{FAE04EC0-301F-11D3-BF4B-00C04F79EFBC}") = "Star.Ui", "Star.Ui\Star.Ui.csproj", "{2A43DAB4-A021-4C67-8CE3-385256F0DAB7}"
EndProject
Global
	GlobalSection(SolutionConfigurationPlatforms) = preSolution
		Debug|Any CPU = Debug|Any CPU
		Release|Any CPU = Release|Any CPU
	EndGlobalSection
	GlobalSection(ProjectConfigurationPlatforms) = postSolution
		{503A73B9-8112-43CA-AC02-3DBE3691BBBF}.Debug|Any CPU.ActiveCfg = Debug|Any CPU
		{503A73B9-8112-43CA-AC02-3DBE3691BBBF}.Debug|Any CPU.Build.0 = Debug|Any CPU
		{503A73B9-8112-43CA-AC02-3DBE3691BBBF}.Release|Any CPU.ActiveCfg = Release|Any CPU
		{503A73B9-8112-43CA-AC02-3DBE3691BBBF}.Release|Any CPU.Build.0 = Release|Any CPU
		{BC50DD5D-2290-4493-BAC4-FA4A30390F6D}.Debug|Any CPU.ActiveCfg = Debug|Any CPU
		{BC50DD5D-2290-4493-BAC4-FA4A30390F6D}.Debug|Any CPU.Build.0 = Debug|Any CPU
		{BC50DD5D-2290-4493-BAC4-FA4A30390F6D}.Release|Any CPU.ActiveCfg = Release|Any CPU
		{BC50DD5D-2290-4493-BAC4-FA4A30390F6D}.Release|Any CPU.Build.0 = Release|Any CPU
		{2A43DAB4-A021-4C67-8CE3-385256F0DAB7}.Debug|Any CPU.ActiveCfg = Debug|Any CPU
		{2A43DAB4-A021-4C67-8CE3-385256F0DAB7}.Debug|Any CPU.Build.0 = Debug|Any CPU
		{2A43DAB4-A021-4C67-8CE3-385256F0DAB7}.Release|Any CPU.ActiveCfg = Release|Any CPU
		{2A43DAB4-A021-4C67-8CE3-385256F0DAB7}.Release|Any CPU.Build.0 = Release|Any CPU
	EndGlobalSection
	GlobalSection(SolutionProperties) = preSolution
		HideSolutionNode = FALSE
	EndGlobalSection
EndGlobal
